// !$*UTF8*$!
{
	archiveVersion = 1;
	classes = {
	};
	objectVersion = 50;
	objects = {

/* Begin PBXBuildFile section */
		521919F32697A83500E0416D /* NotificationExtention.swift in Sources */ = {isa = PBXBuildFile; fileRef = 521919F22697A83500E0416D /* NotificationExtention.swift */; };
		523674D0269655130022538D /* AppDelegate.swift in Sources */ = {isa = PBXBuildFile; fileRef = 523674CF269655130022538D /* AppDelegate.swift */; };
		523674D2269655130022538D /* SceneDelegate.swift in Sources */ = {isa = PBXBuildFile; fileRef = 523674D1269655130022538D /* SceneDelegate.swift */; };
		523674D4269655130022538D /* NotificationSenderVC.swift in Sources */ = {isa = PBXBuildFile; fileRef = 523674D3269655130022538D /* NotificationSenderVC.swift */; };
		523674D7269655130022538D /* Main.storyboard in Resources */ = {isa = PBXBuildFile; fileRef = 523674D5269655130022538D /* Main.storyboard */; };
		523674D9269655150022538D /* Assets.xcassets in Resources */ = {isa = PBXBuildFile; fileRef = 523674D8269655150022538D /* Assets.xcassets */; };
		523674DC269655150022538D /* LaunchScreen.storyboard in Resources */ = {isa = PBXBuildFile; fileRef = 523674DA269655150022538D /* LaunchScreen.storyboard */; };
		523674E62696559D0022538D /* NotificationListenerVC.swift in Sources */ = {isa = PBXBuildFile; fileRef = 523674E52696559D0022538D /* NotificationListenerVC.swift */; };
/* End PBXBuildFile section */

/* Begin PBXFileReference section */
		521919F22697A83500E0416D /* NotificationExtention.swift */ = {isa = PBXFileReference; lastKnownFileType = sourcecode.swift; path = NotificationExtention.swift; sourceTree = "<group>"; };
		523674CC269655130022538D /* NotificationSenderHomework.app */ = {isa = PBXFileReference; explicitFileType = wrapper.application; includeInIndex = 0; path = NotificationSenderHomework.app; sourceTree = BUILT_PRODUCTS_DIR; };
		523674CF269655130022538D /* AppDelegate.swift */ = {isa = PBXFileReference; lastKnownFileType = sourcecode.swift; path = AppDelegate.swift; sourceTree = "<group>"; };
		523674D1269655130022538D /* SceneDelegate.swift */ = {isa = PBXFileReference; lastKnownFileType = sourcecode.swift; path = SceneDelegate.swift; sourceTree = "<group>"; };
		523674D3269655130022538D /* NotificationSenderVC.swift */ = {isa = PBXFileReference; lastKnownFileType = sourcecode.swift; path = NotificationSenderVC.swift; sourceTree = "<group>"; };
		523674D6269655130022538D /* Base */ = {isa = PBXFileReference; lastKnownFileType = file.storyboard; name = Base; path = Base.lproj/Main.storyboard; sourceTree = "<group>"; };
		523674D8269655150022538D /* Assets.xcassets */ = {isa = PBXFileReference; lastKnownFileType = folder.assetcatalog; path = Assets.xcassets; sourceTree = "<group>"; };
		523674DB269655150022538D /* Base */ = {isa = PBXFileReference; lastKnownFileType = file.storyboard; name = Base; path = Base.lproj/LaunchScreen.storyboard; sourceTree = "<group>"; };
		523674DD269655150022538D /* Info.plist */ = {isa = PBXFileReference; lastKnownFileType = text.plist.xml; path = Info.plist; sourceTree = "<group>"; };
		523674E52696559D0022538D /* NotificationListenerVC.swift */ = {isa = PBXFileReference; lastKnownFileType = sourcecode.swift; path = NotificationListenerVC.swift; sourceTree = "<group>"; };
/* End PBXFileReference section */

/* Begin PBXFrameworksBuildPhase section */
		523674C9269655130022538D /* Frameworks */ = {
			isa = PBXFrameworksBuildPhase;
			buildActionMask = 2147483647;
			files = (
			);
			runOnlyForDeploymentPostprocessing = 0;
		};
/* End PBXFrameworksBuildPhase section */

/* Begin PBXGroup section */
		523674C3269655130022538D = {
			isa = PBXGroup;
			children = (
				523674CE269655130022538D /* NotificationSenderHomework */,
				523674CD269655130022538D /* Products */,
			);
			sourceTree = "<group>";
		};
		523674CD269655130022538D /* Products */ = {
			isa = PBXGroup;
			children = (
				523674CC269655130022538D /* NotificationSenderHomework.app */,
			);
			name = Products;
			sourceTree = "<group>";
		};
		523674CE269655130022538D /* NotificationSenderHomework */ = {
			isa = PBXGroup;
			children = (
				523674CF269655130022538D /* AppDelegate.swift */,
				523674D1269655130022538D /* SceneDelegate.swift */,
				523674E52696559D0022538D /* NotificationListenerVC.swift */,
				523674D3269655130022538D /* NotificationSenderVC.swift */,
				521919F22697A83500E0416D /* NotificationExtention.swift */,
				523674D5269655130022538D /* Main.storyboard */,
				523674D8269655150022538D /* Assets.xcassets */,
				523674DA269655150022538D /* LaunchScreen.storyboard */,
				523674DD269655150022538D /* Info.plist */,
			);
			path = NotificationSenderHomework;
			sourceTree = "<group>";
		};
/* End PBXGroup section */

/* Begin PBXNativeTarget section */
		523674CB269655130022538D /* NotificationSenderHomework */ = {
			isa = PBXNativeTarget;
			buildConfigurationList = 523674E0269655150022538D /* Build configuration list for PBXNativeTarget "NotificationSenderHomework" */;
			buildPhases = (
				523674C8269655130022538D /* Sources */,
				523674C9269655130022538D /* Frameworks */,
				523674CA269655130022538D /* Resources */,
			);
			buildRules = (
			);
			dependencies = (
			);
			name = NotificationSenderHomework;
			productName = NotificationSenderHomework;
			productReference = 523674CC269655130022538D /* NotificationSenderHomework.app */;
			productType = "com.apple.product-type.application";
		};
/* End PBXNativeTarget section */

/* Begin PBXProject section */
		523674C4269655130022538D /* Project object */ = {
			isa = PBXProject;
			attributes = {
				LastSwiftUpdateCheck = 1240;
				LastUpgradeCheck = 1240;
				TargetAttributes = {
					523674CB269655130022538D = {
						CreatedOnToolsVersion = 12.4;
					};
				};
			};
			buildConfigurationList = 523674C7269655130022538D /* Build configuration list for PBXProject "NotificationSenderHomework" */;
			compatibilityVersion = "Xcode 9.3";
			developmentRegion = en;
			hasScannedForEncodings = 0;
			knownRegions = (
				en,
				Base,
			);
			mainGroup = 523674C3269655130022538D;
			productRefGroup = 523674CD269655130022538D /* Products */;
			projectDirPath = "";
			projectRoot = "";
			targets = (
				523674CB269655130022538D /* NotificationSenderHomework */,
			);
		};
/* End PBXProject section */

/* Begin PBXResourcesBuildPhase section */
		523674CA269655130022538D /* Resources */ = {
			isa = PBXResourcesBuildPhase;
			buildActionMask = 2147483647;
			files = (
				523674DC269655150022538D /* LaunchScreen.storyboard in Resources */,
				523674D9269655150022538D /* Assets.xcassets in Resources */,
				523674D7269655130022538D /* Main.storyboard in Resources */,
			);
			runOnlyForDeploymentPostprocessing = 0;
		};
/* End PBXResourcesBuildPhase section */

/* Begin PBXSourcesBuildPhase section */
		523674C8269655130022538D /* Sources */ = {
			isa = PBXSourcesBuildPhase;
			buildActionMask = 2147483647;
			files = (
				523674D4269655130022538D /* NotificationSenderVC.swift in Sources */,
				523674E62696559D0022538D /* NotificationListenerVC.swift in Sources */,
				521919F32697A83500E0416D /* NotificationExtention.swift in Sources */,
				523674D0269655130022538D /* AppDelegate.swift in Sources */,
				523674D2269655130022538D /* SceneDelegate.swift in Sources */,
			);
			runOnlyForDeploymentPostprocessing = 0;
		};
/* End PBXSourcesBuildPhase section */

/* Begin PBXVariantGroup section */
		523674D5269655130022538D /* Main.storyboard */ = {
			isa = PBXVariantGroup;
			children = (
				523674D6269655130022538D /* Base */,
			);
			name = Main.storyboard;
			sourceTree = "<group>";
		};
		523674DA269655150022538D /* LaunchScreen.storyboard */ = {
			isa = PBXVariantGroup;
			children = (
				523674DB269655150022538D /* Base */,
			);
			name = LaunchScreen.storyboard;
			sourceTree = "<group>";
		};
/* End PBXVariantGroup section */

/* Begin XCBuildConfiguration section */
		523674DE269655150022538D /* Debug */ = {
			isa = XCBuildConfiguration;
			buildSettings = {
				ALWAYS_SEARCH_USER_PATHS = NO;
				CLANG_ANALYZER_NONNULL = YES;
				CLANG_ANALYZER_NUMBER_OBJECT_CONVERSION = YES_AGGRESSIVE;
				CLANG_CXX_LANGUAGE_STANDARD = "gnu++14";
				CLANG_CXX_LIBRARY = "libc++";
				CLANG_ENABLE_MODULES = YES;
				CLANG_ENABLE_OBJC_ARC = YES;
				CLANG_ENABLE_OBJC_WEAK = YES;
				CLANG_WARN_BLOCK_CAPTURE_AUTORELEASING = YES;
				CLANG_WARN_BOOL_CONVERSION = YES;
				CLANG_WARN_COMMA = YES;
				CLANG_WARN_CONSTANT_CONVERSION = YES;
				CLANG_WARN_DEPRECATED_OBJC_IMPLEMENTATIONS = YES;
				CLANG_WARN_DIRECT_OBJC_ISA_USAGE = YES_ERROR;
				CLANG_WARN_DOCUMENTATION_COMMENTS = YES;
				CLANG_WARN_EMPTY_BODY = YES;
				CLANG_WARN_ENUM_CONVERSION = YES;
				CLANG_WARN_INFINITE_RECURSION = YES;
				CLANG_WARN_INT_CONVERSION = YES;
				CLANG_WARN_NON_LITERAL_NULL_CONVERSION = YES;
				CLANG_WARN_OBJC_IMPLICIT_RETAIN_SELF = YES;
				CLANG_WARN_OBJC_LITERAL_CONVERSION = YES;
				CLANG_WARN_OBJC_ROOT_CLASS = YES_ERROR;
				CLANG_WARN_QUOTED_INCLUDE_IN_FRAMEWORK_HEADER = YES;
				CLANG_WARN_RANGE_LOOP_ANALYSIS = YES;
				CLANG_WARN_STRICT_PROTOTYPES = YES;
				CLANG_WARN_SUSPICIOUS_MOVE = YES;
				CLANG_WARN_UNGUARDED_AVAILABILITY = YES_AGGRESSIVE;
				CLANG_WARN_UNREACHABLE_CODE = YES;
				CLANG_WARN__DUPLICATE_METHOD_MATCH = YES;
				COPY_PHASE_STRIP = NO;
				DEBUG_INFORMATION_FORMAT = dwarf;
				ENABLE_STRICT_OBJC_MSGSEND = YES;
				ENABLE_TESTABILITY = YES;
				GCC_C_LANGUAGE_STANDARD = gnu11;
				GCC_DYNAMIC_NO_PIC = NO;
				GCC_NO_COMMON_BLOCKS = YES;
				GCC_OPTIMIZATION_LEVEL = 0;
				GCC_PREPROCESSOR_DEFINITIONS = (
					"DEBUG=1",
					"$(inherited)",
				);
				GCC_WARN_64_TO_32_BIT_CONVERSION = YES;
				GCC_WARN_ABOUT_RETURN_TYPE = YES_ERROR;
				GCC_WARN_UNDECLARED_SELECTOR = YES;
				GCC_WARN_UNINITIALIZED_AUTOS = YES_AGGRESSIVE;
				GCC_WARN_UNUSED_FUNCTION = YES;
				GCC_WARN_UNUSED_VARIABLE = YES;
				IPHONEOS_DEPLOYMENT_TARGET = 14.4;
				MTL_ENABLE_DEBUG_INFO = INCLUDE_SOURCE;
				MTL_FAST_MATH = YES;
				ONLY_ACTIVE_ARCH = YES;
				SDKROOT = iphoneos;
				SWIFT_ACTIVE_COMPILATION_CONDITIONS = DEBUG;
				SWIFT_OPTIMIZATION_LEVEL = "-Onone";
			};
			name = Debug;
		};
		523674DF269655150022538D /* Release */ = {
			isa = XCBuildConfiguration;
			buildSettings = {
				ALWAYS_SEARCH_USER_PATHS = NO;
				CLANG_ANALYZER_NONNULL = YES;
				CLANG_ANALYZER_NUMBER_OBJECT_CONVERSION = YES_AGGRESSIVE;
				CLANG_CXX_LANGUAGE_STANDARD = "gnu++14";
				CLANG_CXX_LIBRARY = "libc++";
				CLANG_ENABLE_MODULES = YES;
				CLANG_ENABLE_OBJC_ARC = YES;
				CLANG_ENABLE_OBJC_WEAK = YES;
				CLANG_WARN_BLOCK_CAPTURE_AUTORELEASING = YES;
				CLANG_WARN_BOOL_CONVERSION = YES;
				CLANG_WARN_COMMA = YES;
				CLANG_WARN_CONSTANT_CONVERSION = YES;
				CLANG_WARN_DEPRECATED_OBJC_IMPLEMENTATIONS = YES;
				CLANG_WARN_DIRECT_OBJC_ISA_USAGE = YES_ERROR;
				CLANG_WARN_DOCUMENTATION_COMMENTS = YES;
				CLANG_WARN_EMPTY_BODY = YES;
				CLANG_WARN_ENUM_CONVERSION = YES;
				CLANG_WARN_INFINITE_RECURSION = YES;
				CLANG_WARN_INT_CONVERSION = YES;
				CLANG_WARN_NON_LITERAL_NULL_CONVERSION = YES;
				CLANG_WARN_OBJC_IMPLICIT_RETAIN_SELF = YES;
				CLANG_WARN_OBJC_LITERAL_CONVERSION = YES;
				CLANG_WARN_OBJC_ROOT_CLASS = YES_ERROR;
				CLANG_WARN_QUOTED_INCLUDE_IN_FRAMEWORK_HEADER = YES;
				CLANG_WARN_RANGE_LOOP_ANALYSIS = YES;
				CLANG_WARN_STRICT_PROTOTYPES = YES;
				CLANG_WARN_SUSPICIOUS_MOVE = YES;
				CLANG_WARN_UNGUARDED_AVAILABILITY = YES_AGGRESSIVE;
				CLANG_WARN_UNREACHABLE_CODE = YES;
				CLANG_WARN__DUPLICATE_METHOD_MATCH = YES;
				COPY_PHASE_STRIP = NO;
				DEBUG_INFORMATION_FORMAT = "dwarf-with-dsym";
				ENABLE_NS_ASSERTIONS = NO;
				ENABLE_STRICT_OBJC_MSGSEND = YES;
				GCC_C_LANGUAGE_STANDARD = gnu11;
				GCC_NO_COMMON_BLOCKS = YES;
				GCC_WARN_64_TO_32_BIT_CONVERSION = YES;
				GCC_WARN_ABOUT_RETURN_TYPE = YES_ERROR;
				GCC_WARN_UNDECLARED_SELECTOR = YES;
				GCC_WARN_UNINITIALIZED_AUTOS = YES_AGGRESSIVE;
				GCC_WARN_UNUSED_FUNCTION = YES;
				GCC_WARN_UNUSED_VARIABLE = YES;
				IPHONEOS_DEPLOYMENT_TARGET = 14.4;
				MTL_ENABLE_DEBUG_INFO = NO;
				MTL_FAST_MATH = YES;
				SDKROOT = iphoneos;
				SWIFT_COMPILATION_MODE = wholemodule;
				SWIFT_OPTIMIZATION_LEVEL = "-O";
				VALIDATE_PRODUCT = YES;
			};
			name = Release;
		};
		523674E1269655150022538D /* Debug */ = {
			isa = XCBuildConfiguration;
			buildSettings = {
				ASSETCATALOG_COMPILER_APPICON_NAME = AppIcon;
				ASSETCATALOG_COMPILER_GLOBAL_ACCENT_COLOR_NAME = AccentColor;
				CODE_SIGN_STYLE = Automatic;
				INFOPLIST_FILE = NotificationSenderHomework/Info.plist;
				LD_RUNPATH_SEARCH_PATHS = (
					"$(inherited)",
					"@executable_path/Frameworks",
				);
				PRODUCT_BUNDLE_IDENTIFIER = com.simgecakir.NotificationSenderHomework;
				PRODUCT_NAME = "$(TARGET_NAME)";
				SWIFT_VERSION = 5.0;
				TARGETED_DEVICE_FAMILY = "1,2";
			};
			name = Debug;
		};
		523674E2269655150022538D /* Release */ = {
			isa = XCBuildConfiguration;
			buildSettings = {
				ASSETCATALOG_COMPILER_APPICON_NAME = AppIcon;
				ASSETCATALOG_COMPILER_GLOBAL_ACCENT_COLOR_NAME = AccentColor;
				CODE_SIGN_STYLE = Automatic;
				INFOPLIST_FILE = NotificationSenderHomework/Info.plist;
				LD_RUNPATH_SEARCH_PATHS = (
					"$(inherited)",
					"@executable_path/Frameworks",
				);
				PRODUCT_BUNDLE_IDENTIFIER = com.simgecakir.NotificationSenderHomework;
				PRODUCT_NAME = "$(TARGET_NAME)";
				SWIFT_VERSION = 5.0;
				TARGETED_DEVICE_FAMILY = "1,2";
			};
			name = Release;
		};
/* End XCBuildConfiguration section */

/* Begin XCConfigurationList section */
		523674C7269655130022538D /* Build configuration list for PBXProject "NotificationSenderHomework" */ = {
			isa = XCConfigurationList;
			buildConfigurations = (
				523674DE269655150022538D /* Debug */,
				523674DF269655150022538D /* Release */,
			);
			defaultConfigurationIsVisible = 0;
			defaultConfigurationName = Release;
		};
		523674E0269655150022538D /* Build configuration list for PBXNativeTarget "NotificationSenderHomework" */ = {
			isa = XCConfigurationList;
			buildConfigurations = (
				523674E1269655150022538D /* Debug */,
				523674E2269655150022538D /* Release */,
			);
			defaultConfigurationIsVisible = 0;
			defaultConfigurationName = Release;
		};
/* End XCConfigurationList section */
	};
	rootObject = 523674C4269655130022538D /* Project object */;
}
